// !$*UTF8*$!
{
	archiveVersion = 1;
	classes = {
	};
	objectVersion = 56;
	objects = {

/* Begin PBXBuildFile section */
		3707851E2B7EBB1600F7E5EF /* AnimationHelper.swift in Sources */ = {isa = PBXBuildFile; fileRef = 3707851D2B7EBB1600F7E5EF /* AnimationHelper.swift */; };
		370785202B7EBB4800F7E5EF /* DetailsViewFlowlayout.swift in Sources */ = {isa = PBXBuildFile; fileRef = 3707851F2B7EBB4800F7E5EF /* DetailsViewFlowlayout.swift */; };
		370785242B7EBC9500F7E5EF /* PinterestLayout.swift in Sources */ = {isa = PBXBuildFile; fileRef = 370785232B7EBC9500F7E5EF /* PinterestLayout.swift */; };
		370D61872B7EA688003A87A4 /* MovieDetailViewCell.swift in Sources */ = {isa = PBXBuildFile; fileRef = 370D61852B7EA688003A87A4 /* MovieDetailViewCell.swift */; };
		370D61882B7EA688003A87A4 /* MovieDetailViewCell.xib in Resources */ = {isa = PBXBuildFile; fileRef = 370D61862B7EA688003A87A4 /* MovieDetailViewCell.xib */; };
		3739D3812B7CB736005295F0 /* AppDelegate.swift in Sources */ = {isa = PBXBuildFile; fileRef = 3739D3802B7CB736005295F0 /* AppDelegate.swift */; };
		3739D3832B7CB736005295F0 /* SceneDelegate.swift in Sources */ = {isa = PBXBuildFile; fileRef = 3739D3822B7CB736005295F0 /* SceneDelegate.swift */; };
		3739D3852B7CB736005295F0 /* VideoViewController.swift in Sources */ = {isa = PBXBuildFile; fileRef = 3739D3842B7CB736005295F0 /* VideoViewController.swift */; };
		3739D3882B7CB736005295F0 /* Main.storyboard in Resources */ = {isa = PBXBuildFile; fileRef = 3739D3862B7CB736005295F0 /* Main.storyboard */; };
		3739D38A2B7CB737005295F0 /* Assets.xcassets in Resources */ = {isa = PBXBuildFile; fileRef = 3739D3892B7CB737005295F0 /* Assets.xcassets */; };
		3739D38D2B7CB737005295F0 /* LaunchScreen.storyboard in Resources */ = {isa = PBXBuildFile; fileRef = 3739D38B2B7CB737005295F0 /* LaunchScreen.storyboard */; };
		3739D3962B7CB7D4005295F0 /* MovieCollectionViewCell.swift in Sources */ = {isa = PBXBuildFile; fileRef = 3739D3942B7CB7D4005295F0 /* MovieCollectionViewCell.swift */; };
		3739D3972B7CB7D4005295F0 /* MovieCollectionViewCell.xib in Resources */ = {isa = PBXBuildFile; fileRef = 3739D3952B7CB7D4005295F0 /* MovieCollectionViewCell.xib */; };
		3739D3992B7CEB1E005295F0 /* MoviesViewModel.swift in Sources */ = {isa = PBXBuildFile; fileRef = 3739D3982B7CEB1E005295F0 /* MoviesViewModel.swift */; };
		3739D39D2B7D2495005295F0 /* MovieRealsCollectionViewController.swift in Sources */ = {isa = PBXBuildFile; fileRef = 3739D39C2B7D2495005295F0 /* MovieRealsCollectionViewController.swift */; };
		3739D3A02B7DE695005295F0 /* BaseResponse.swift in Sources */ = {isa = PBXBuildFile; fileRef = 3739D39F2B7DE695005295F0 /* BaseResponse.swift */; };
		3739D3A22B7DE6E6005295F0 /* MoviesResponse.swift in Sources */ = {isa = PBXBuildFile; fileRef = 3739D3A12B7DE6E6005295F0 /* MoviesResponse.swift */; };
		3739D3A42B7DE72B005295F0 /* Constants.swift in Sources */ = {isa = PBXBuildFile; fileRef = 3739D3A32B7DE72B005295F0 /* Constants.swift */; };
		3739D3A62B7DE774005295F0 /* ApiService.swift in Sources */ = {isa = PBXBuildFile; fileRef = 3739D3A52B7DE774005295F0 /* ApiService.swift */; };
		58DCEB76C905D839544F37E0 /* Pods_MovieDBExample.framework in Frameworks */ = {isa = PBXBuildFile; fileRef = 136AF140FC32894A186DCBA3 /* Pods_MovieDBExample.framework */; };
/* End PBXBuildFile section */

/* Begin PBXFileReference section */
		136AF140FC32894A186DCBA3 /* Pods_MovieDBExample.framework */ = {isa = PBXFileReference; explicitFileType = wrapper.framework; includeInIndex = 0; path = Pods_MovieDBExample.framework; sourceTree = BUILT_PRODUCTS_DIR; };
		2E9D1B5CC9F38DF289C8B9A1 /* Pods-MovieDBExample.debug.xcconfig */ = {isa = PBXFileReference; includeInIndex = 1; lastKnownFileType = text.xcconfig; name = "Pods-MovieDBExample.debug.xcconfig"; path = "Target Support Files/Pods-MovieDBExample/Pods-MovieDBExample.debug.xcconfig"; sourceTree = "<group>"; };
		3707851D2B7EBB1600F7E5EF /* AnimationHelper.swift */ = {isa = PBXFileReference; lastKnownFileType = sourcecode.swift; path = AnimationHelper.swift; sourceTree = "<group>"; };
		3707851F2B7EBB4800F7E5EF /* DetailsViewFlowlayout.swift */ = {isa = PBXFileReference; lastKnownFileType = sourcecode.swift; path = DetailsViewFlowlayout.swift; sourceTree = "<group>"; };
		370785232B7EBC9500F7E5EF /* PinterestLayout.swift */ = {isa = PBXFileReference; lastKnownFileType = sourcecode.swift; path = PinterestLayout.swift; sourceTree = "<group>"; };
		370D61852B7EA688003A87A4 /* MovieDetailViewCell.swift */ = {isa = PBXFileReference; lastKnownFileType = sourcecode.swift; path = MovieDetailViewCell.swift; sourceTree = "<group>"; };
		370D61862B7EA688003A87A4 /* MovieDetailViewCell.xib */ = {isa = PBXFileReference; lastKnownFileType = file.xib; path = MovieDetailViewCell.xib; sourceTree = "<group>"; };
		3739D37D2B7CB736005295F0 /* MovieDBExample.app */ = {isa = PBXFileReference; explicitFileType = wrapper.application; includeInIndex = 0; path = MovieDBExample.app; sourceTree = BUILT_PRODUCTS_DIR; };
		3739D3802B7CB736005295F0 /* AppDelegate.swift */ = {isa = PBXFileReference; lastKnownFileType = sourcecode.swift; path = AppDelegate.swift; sourceTree = "<group>"; };
		3739D3822B7CB736005295F0 /* SceneDelegate.swift */ = {isa = PBXFileReference; lastKnownFileType = sourcecode.swift; path = SceneDelegate.swift; sourceTree = "<group>"; };
		3739D3842B7CB736005295F0 /* VideoViewController.swift */ = {isa = PBXFileReference; lastKnownFileType = sourcecode.swift; path = VideoViewController.swift; sourceTree = "<group>"; };
		3739D3872B7CB736005295F0 /* Base */ = {isa = PBXFileReference; lastKnownFileType = file.storyboard; name = Base; path = Base.lproj/Main.storyboard; sourceTree = "<group>"; };
		3739D3892B7CB737005295F0 /* Assets.xcassets */ = {isa = PBXFileReference; lastKnownFileType = folder.assetcatalog; path = Assets.xcassets; sourceTree = "<group>"; };
		3739D38C2B7CB737005295F0 /* Base */ = {isa = PBXFileReference; lastKnownFileType = file.storyboard; name = Base; path = Base.lproj/LaunchScreen.storyboard; sourceTree = "<group>"; };
		3739D38E2B7CB737005295F0 /* Info.plist */ = {isa = PBXFileReference; lastKnownFileType = text.plist.xml; path = Info.plist; sourceTree = "<group>"; };
		3739D3942B7CB7D4005295F0 /* MovieCollectionViewCell.swift */ = {isa = PBXFileReference; lastKnownFileType = sourcecode.swift; path = MovieCollectionViewCell.swift; sourceTree = "<group>"; };
		3739D3952B7CB7D4005295F0 /* MovieCollectionViewCell.xib */ = {isa = PBXFileReference; lastKnownFileType = file.xib; path = MovieCollectionViewCell.xib; sourceTree = "<group>"; };
		3739D3982B7CEB1E005295F0 /* MoviesViewModel.swift */ = {isa = PBXFileReference; lastKnownFileType = sourcecode.swift; path = MoviesViewModel.swift; sourceTree = "<group>"; };
		3739D39C2B7D2495005295F0 /* MovieRealsCollectionViewController.swift */ = {isa = PBXFileReference; lastKnownFileType = sourcecode.swift; path = MovieRealsCollectionViewController.swift; sourceTree = "<group>"; };
		3739D39F2B7DE695005295F0 /* BaseResponse.swift */ = {isa = PBXFileReference; lastKnownFileType = sourcecode.swift; path = BaseResponse.swift; sourceTree = "<group>"; };
		3739D3A12B7DE6E6005295F0 /* MoviesResponse.swift */ = {isa = PBXFileReference; lastKnownFileType = sourcecode.swift; path = MoviesResponse.swift; sourceTree = "<group>"; };
		3739D3A32B7DE72B005295F0 /* Constants.swift */ = {isa = PBXFileReference; lastKnownFileType = sourcecode.swift; path = Constants.swift; sourceTree = "<group>"; };
		3739D3A52B7DE774005295F0 /* ApiService.swift */ = {isa = PBXFileReference; lastKnownFileType = sourcecode.swift; path = ApiService.swift; sourceTree = "<group>"; };
		C0798B33FCE1626FF8A25E98 /* Pods-MovieDBExample.release.xcconfig */ = {isa = PBXFileReference; includeInIndex = 1; lastKnownFileType = text.xcconfig; name = "Pods-MovieDBExample.release.xcconfig"; path = "Target Support Files/Pods-MovieDBExample/Pods-MovieDBExample.release.xcconfig"; sourceTree = "<group>"; };
/* End PBXFileReference section */

/* Begin PBXFrameworksBuildPhase section */
		3739D37A2B7CB736005295F0 /* Frameworks */ = {
			isa = PBXFrameworksBuildPhase;
			buildActionMask = 2147483647;
			files = (
				58DCEB76C905D839544F37E0 /* Pods_MovieDBExample.framework in Frameworks */,
			);
			runOnlyForDeploymentPostprocessing = 0;
		};
/* End PBXFrameworksBuildPhase section */

/* Begin PBXGroup section */
		3707851C2B7EBAD200F7E5EF /* Utilities */ = {
			isa = PBXGroup;
			children = (
				3739D3A32B7DE72B005295F0 /* Constants.swift */,
				3739D3A52B7DE774005295F0 /* ApiService.swift */,
				3707851D2B7EBB1600F7E5EF /* AnimationHelper.swift */,
				3707851F2B7EBB4800F7E5EF /* DetailsViewFlowlayout.swift */,
				370785232B7EBC9500F7E5EF /* PinterestLayout.swift */,
			);
			path = Utilities;
			sourceTree = "<group>";
		};
		370785212B7EBBCD00F7E5EF /* AppModule */ = {
			isa = PBXGroup;
			children = (
				370785222B7EBBDF00F7E5EF /* ViewModels */,
				3739D39E2B7DE688005295F0 /* Models */,
				3739D39B2B7D236B005295F0 /* Controller */,
				3739D39A2B7D235E005295F0 /* Views */,
			);
			path = AppModule;
			sourceTree = "<group>";
		};
		370785222B7EBBDF00F7E5EF /* ViewModels */ = {
			isa = PBXGroup;
			children = (
				3739D3982B7CEB1E005295F0 /* MoviesViewModel.swift */,
			);
			path = ViewModels;
			sourceTree = "<group>";
		};
		3739D3742B7CB736005295F0 = {
			isa = PBXGroup;
			children = (
				3739D37F2B7CB736005295F0 /* MovieDBExample */,
				3739D37E2B7CB736005295F0 /* Products */,
				A44F7B2CAE646762533D040B /* Pods */,
				55E484A7B727809713C91124 /* Frameworks */,
			);
			sourceTree = "<group>";
		};
		3739D37E2B7CB736005295F0 /* Products */ = {
			isa = PBXGroup;
			children = (
				3739D37D2B7CB736005295F0 /* MovieDBExample.app */,
			);
			name = Products;
			sourceTree = "<group>";
		};
		3739D37F2B7CB736005295F0 /* MovieDBExample */ = {
			isa = PBXGroup;
			children = (
				370785212B7EBBCD00F7E5EF /* AppModule */,
				3707851C2B7EBAD200F7E5EF /* Utilities */,
				3739D3802B7CB736005295F0 /* AppDelegate.swift */,
				3739D3822B7CB736005295F0 /* SceneDelegate.swift */,
				3739D3862B7CB736005295F0 /* Main.storyboard */,
				3739D3892B7CB737005295F0 /* Assets.xcassets */,
				3739D38B2B7CB737005295F0 /* LaunchScreen.storyboard */,
				3739D38E2B7CB737005295F0 /* Info.plist */,
			);
			path = MovieDBExample;
			sourceTree = "<group>";
		};
		3739D39A2B7D235E005295F0 /* Views */ = {
			isa = PBXGroup;
			children = (
				3739D3942B7CB7D4005295F0 /* MovieCollectionViewCell.swift */,
				3739D3952B7CB7D4005295F0 /* MovieCollectionViewCell.xib */,
				370D61852B7EA688003A87A4 /* MovieDetailViewCell.swift */,
				370D61862B7EA688003A87A4 /* MovieDetailViewCell.xib */,
			);
			path = Views;
			sourceTree = "<group>";
		};
		3739D39B2B7D236B005295F0 /* Controller */ = {
			isa = PBXGroup;
			children = (
				3739D3842B7CB736005295F0 /* VideoViewController.swift */,
				3739D39C2B7D2495005295F0 /* MovieRealsCollectionViewController.swift */,
			);
			path = Controller;
			sourceTree = "<group>";
		};
		3739D39E2B7DE688005295F0 /* Models */ = {
			isa = PBXGroup;
			children = (
				3739D39F2B7DE695005295F0 /* BaseResponse.swift */,
				3739D3A12B7DE6E6005295F0 /* MoviesResponse.swift */,
			);
			path = Models;
			sourceTree = "<group>";
		};
		55E484A7B727809713C91124 /* Frameworks */ = {
			isa = PBXGroup;
			children = (
				136AF140FC32894A186DCBA3 /* Pods_MovieDBExample.framework */,
			);
			name = Frameworks;
			sourceTree = "<group>";
		};
		A44F7B2CAE646762533D040B /* Pods */ = {
			isa = PBXGroup;
			children = (
				2E9D1B5CC9F38DF289C8B9A1 /* Pods-MovieDBExample.debug.xcconfig */,
				C0798B33FCE1626FF8A25E98 /* Pods-MovieDBExample.release.xcconfig */,
			);
			path = Pods;
			sourceTree = "<group>";
		};
/* End PBXGroup section */

/* Begin PBXNativeTarget section */
		3739D37C2B7CB736005295F0 /* MovieDBExample */ = {
			isa = PBXNativeTarget;
			buildConfigurationList = 3739D3912B7CB737005295F0 /* Build configuration list for PBXNativeTarget "MovieDBExample" */;
			buildPhases = (
				E95D62500BB8F636FB658AF2 /* [CP] Check Pods Manifest.lock */,
				3739D3792B7CB736005295F0 /* Sources */,
				3739D37A2B7CB736005295F0 /* Frameworks */,
				3739D37B2B7CB736005295F0 /* Resources */,
				3DAA3E48E4EB8B4E1CD8577A /* [CP] Embed Pods Frameworks */,
			);
			buildRules = (
			);
			dependencies = (
			);
			name = MovieDBExample;
			productName = MovieDBExample;
			productReference = 3739D37D2B7CB736005295F0 /* MovieDBExample.app */;
			productType = "com.apple.product-type.application";
		};
/* End PBXNativeTarget section */

/* Begin PBXProject section */
		3739D3752B7CB736005295F0 /* Project object */ = {
			isa = PBXProject;
			attributes = {
				BuildIndependentTargetsInParallel = 1;
				LastSwiftUpdateCheck = 1520;
				LastUpgradeCheck = 1520;
				TargetAttributes = {
					3739D37C2B7CB736005295F0 = {
						CreatedOnToolsVersion = 15.2;
					};
				};
			};
			buildConfigurationList = 3739D3782B7CB736005295F0 /* Build configuration list for PBXProject "MovieDBExample" */;
			compatibilityVersion = "Xcode 14.0";
			developmentRegion = en;
			hasScannedForEncodings = 0;
			knownRegions = (
				en,
				Base,
			);
			mainGroup = 3739D3742B7CB736005295F0;
			productRefGroup = 3739D37E2B7CB736005295F0 /* Products */;
			projectDirPath = "";
			projectRoot = "";
			targets = (
				3739D37C2B7CB736005295F0 /* MovieDBExample */,
			);
		};
/* End PBXProject section */

/* Begin PBXResourcesBuildPhase section */
		3739D37B2B7CB736005295F0 /* Resources */ = {
			isa = PBXResourcesBuildPhase;
			buildActionMask = 2147483647;
			files = (
				3739D38D2B7CB737005295F0 /* LaunchScreen.storyboard in Resources */,
				3739D38A2B7CB737005295F0 /* Assets.xcassets in Resources */,
				370D61882B7EA688003A87A4 /* MovieDetailViewCell.xib in Resources */,
				3739D3882B7CB736005295F0 /* Main.storyboard in Resources */,
				3739D3972B7CB7D4005295F0 /* MovieCollectionViewCell.xib in Resources */,
			);
			runOnlyForDeploymentPostprocessing = 0;
		};
/* End PBXResourcesBuildPhase section */

/* Begin PBXShellScriptBuildPhase section */
		3DAA3E48E4EB8B4E1CD8577A /* [CP] Embed Pods Frameworks */ = {
			isa = PBXShellScriptBuildPhase;
			buildActionMask = 2147483647;
			files = (
			);
			inputFileListPaths = (
				"${PODS_ROOT}/Target Support Files/Pods-MovieDBExample/Pods-MovieDBExample-frameworks-${CONFIGURATION}-input-files.xcfilelist",
			);
			name = "[CP] Embed Pods Frameworks";
			outputFileListPaths = (
				"${PODS_ROOT}/Target Support Files/Pods-MovieDBExample/Pods-MovieDBExample-frameworks-${CONFIGURATION}-output-files.xcfilelist",
			);
			runOnlyForDeploymentPostprocessing = 0;
			shellPath = /bin/sh;
			shellScript = "\"${PODS_ROOT}/Target Support Files/Pods-MovieDBExample/Pods-MovieDBExample-frameworks.sh\"\n";
			showEnvVarsInLog = 0;
		};
		E95D62500BB8F636FB658AF2 /* [CP] Check Pods Manifest.lock */ = {
			isa = PBXShellScriptBuildPhase;
			buildActionMask = 2147483647;
			files = (
			);
			inputFileListPaths = (
			);
			inputPaths = (
				"${PODS_PODFILE_DIR_PATH}/Podfile.lock",
				"${PODS_ROOT}/Manifest.lock",
			);
			name = "[CP] Check Pods Manifest.lock";
			outputFileListPaths = (
			);
			outputPaths = (
				"$(DERIVED_FILE_DIR)/Pods-MovieDBExample-checkManifestLockResult.txt",
			);
			runOnlyForDeploymentPostprocessing = 0;
			shellPath = /bin/sh;
			shellScript = "diff \"${PODS_PODFILE_DIR_PATH}/Podfile.lock\" \"${PODS_ROOT}/Manifest.lock\" > /dev/null\nif [ $? != 0 ] ; then\n    # print error to STDERR\n    echo \"error: The sandbox is not in sync with the Podfile.lock. Run 'pod install' or update your CocoaPods installation.\" >&2\n    exit 1\nfi\n# This output is used by Xcode 'outputs' to avoid re-running this script phase.\necho \"SUCCESS\" > \"${SCRIPT_OUTPUT_FILE_0}\"\n";
			showEnvVarsInLog = 0;
		};
/* End PBXShellScriptBuildPhase section */

/* Begin PBXSourcesBuildPhase section */
		3739D3792B7CB736005295F0 /* Sources */ = {
			isa = PBXSourcesBuildPhase;
			buildActionMask = 2147483647;
			files = (
				3739D3852B7CB736005295F0 /* VideoViewController.swift in Sources */,
				370D61872B7EA688003A87A4 /* MovieDetailViewCell.swift in Sources */,
				3739D3A22B7DE6E6005295F0 /* MoviesResponse.swift in Sources */,
				3739D39D2B7D2495005295F0 /* MovieRealsCollectionViewController.swift in Sources */,
				3739D3812B7CB736005295F0 /* AppDelegate.swift in Sources */,
				3739D3832B7CB736005295F0 /* SceneDelegate.swift in Sources */,
				3739D3A02B7DE695005295F0 /* BaseResponse.swift in Sources */,
				370785202B7EBB4800F7E5EF /* DetailsViewFlowlayout.swift in Sources */,
				3739D3A62B7DE774005295F0 /* ApiService.swift in Sources */,
				3707851E2B7EBB1600F7E5EF /* AnimationHelper.swift in Sources */,
				370785242B7EBC9500F7E5EF /* PinterestLayout.swift in Sources */,
				3739D3992B7CEB1E005295F0 /* MoviesViewModel.swift in Sources */,
				3739D3962B7CB7D4005295F0 /* MovieCollectionViewCell.swift in Sources */,
				3739D3A42B7DE72B005295F0 /* Constants.swift in Sources */,
			);
			runOnlyForDeploymentPostprocessing = 0;
		};
/* End PBXSourcesBuildPhase section */

/* Begin PBXVariantGroup section */
		3739D3862B7CB736005295F0 /* Main.storyboard */ = {
			isa = PBXVariantGroup;
			children = (
				3739D3872B7CB736005295F0 /* Base */,
			);
			name = Main.storyboard;
			sourceTree = "<group>";
		};
		3739D38B2B7CB737005295F0 /* LaunchScreen.storyboard */ = {
			isa = PBXVariantGroup;
			children = (
				3739D38C2B7CB737005295F0 /* Base */,
			);
			name = LaunchScreen.storyboard;
			sourceTree = "<group>";
		};
/* End PBXVariantGroup section */

/* Begin XCBuildConfiguration section */
		3739D38F2B7CB737005295F0 /* Debug */ = {
			isa = XCBuildConfiguration;
			buildSettings = {
				ALWAYS_SEARCH_USER_PATHS = NO;
				ASSETCATALOG_COMPILER_GENERATE_SWIFT_ASSET_SYMBOL_EXTENSIONS = YES;
				CLANG_ANALYZER_NONNULL = YES;
				CLANG_ANALYZER_NUMBER_OBJECT_CONVERSION = YES_AGGRESSIVE;
				CLANG_CXX_LANGUAGE_STANDARD = "gnu++20";
				CLANG_ENABLE_MODULES = YES;
				CLANG_ENABLE_OBJC_ARC = YES;
				CLANG_ENABLE_OBJC_WEAK = YES;
				CLANG_WARN_BLOCK_CAPTURE_AUTORELEASING = YES;
				CLANG_WARN_BOOL_CONVERSION = YES;
				CLANG_WARN_COMMA = YES;
				CLANG_WARN_CONSTANT_CONVERSION = YES;
				CLANG_WARN_DEPRECATED_OBJC_IMPLEMENTATIONS = YES;
				CLANG_WARN_DIRECT_OBJC_ISA_USAGE = YES_ERROR;
				CLANG_WARN_DOCUMENTATION_COMMENTS = YES;
				CLANG_WARN_EMPTY_BODY = YES;
				CLANG_WARN_ENUM_CONVERSION = YES;
				CLANG_WARN_INFINITE_RECURSION = YES;
				CLANG_WARN_INT_CONVERSION = YES;
				CLANG_WARN_NON_LITERAL_NULL_CONVERSION = YES;
				CLANG_WARN_OBJC_IMPLICIT_RETAIN_SELF = YES;
				CLANG_WARN_OBJC_LITERAL_CONVERSION = YES;
				CLANG_WARN_OBJC_ROOT_CLASS = YES_ERROR;
				CLANG_WARN_QUOTED_INCLUDE_IN_FRAMEWORK_HEADER = YES;
				CLANG_WARN_RANGE_LOOP_ANALYSIS = YES;
				CLANG_WARN_STRICT_PROTOTYPES = YES;
				CLANG_WARN_SUSPICIOUS_MOVE = YES;
				CLANG_WARN_UNGUARDED_AVAILABILITY = YES_AGGRESSIVE;
				CLANG_WARN_UNREACHABLE_CODE = YES;
				CLANG_WARN__DUPLICATE_METHOD_MATCH = YES;
				COPY_PHASE_STRIP = NO;
				DEBUG_INFORMATION_FORMAT = dwarf;
				ENABLE_STRICT_OBJC_MSGSEND = YES;
				ENABLE_TESTABILITY = YES;
				ENABLE_USER_SCRIPT_SANDBOXING = YES;
				GCC_C_LANGUAGE_STANDARD = gnu17;
				GCC_DYNAMIC_NO_PIC = NO;
				GCC_NO_COMMON_BLOCKS = YES;
				GCC_OPTIMIZATION_LEVEL = 0;
				GCC_PREPROCESSOR_DEFINITIONS = (
					"DEBUG=1",
					"$(inherited)",
				);
				GCC_WARN_64_TO_32_BIT_CONVERSION = YES;
				GCC_WARN_ABOUT_RETURN_TYPE = YES_ERROR;
				GCC_WARN_UNDECLARED_SELECTOR = YES;
				GCC_WARN_UNINITIALIZED_AUTOS = YES_AGGRESSIVE;
				GCC_WARN_UNUSED_FUNCTION = YES;
				GCC_WARN_UNUSED_VARIABLE = YES;
				IPHONEOS_DEPLOYMENT_TARGET = 14.0;
				LOCALIZATION_PREFERS_STRING_CATALOGS = YES;
				MTL_ENABLE_DEBUG_INFO = INCLUDE_SOURCE;
				MTL_FAST_MATH = YES;
				ONLY_ACTIVE_ARCH = YES;
				SDKROOT = iphoneos;
				SWIFT_ACTIVE_COMPILATION_CONDITIONS = "DEBUG $(inherited)";
				SWIFT_OPTIMIZATION_LEVEL = "-Onone";
			};
			name = Debug;
		};
		3739D3902B7CB737005295F0 /* Release */ = {
			isa = XCBuildConfiguration;
			buildSettings = {
				ALWAYS_SEARCH_USER_PATHS = NO;
				ASSETCATALOG_COMPILER_GENERATE_SWIFT_ASSET_SYMBOL_EXTENSIONS = YES;
				CLANG_ANALYZER_NONNULL = YES;
				CLANG_ANALYZER_NUMBER_OBJECT_CONVERSION = YES_AGGRESSIVE;
				CLANG_CXX_LANGUAGE_STANDARD = "gnu++20";
				CLANG_ENABLE_MODULES = YES;
				CLANG_ENABLE_OBJC_ARC = YES;
				CLANG_ENABLE_OBJC_WEAK = YES;
				CLANG_WARN_BLOCK_CAPTURE_AUTORELEASING = YES;
				CLANG_WARN_BOOL_CONVERSION = YES;
				CLANG_WARN_COMMA = YES;
				CLANG_WARN_CONSTANT_CONVERSION = YES;
				CLANG_WARN_DEPRECATED_OBJC_IMPLEMENTATIONS = YES;
				CLANG_WARN_DIRECT_OBJC_ISA_USAGE = YES_ERROR;
				CLANG_WARN_DOCUMENTATION_COMMENTS = YES;
				CLANG_WARN_EMPTY_BODY = YES;
				CLANG_WARN_ENUM_CONVERSION = YES;
				CLANG_WARN_INFINITE_RECURSION = YES;
				CLANG_WARN_INT_CONVERSION = YES;
				CLANG_WARN_NON_LITERAL_NULL_CONVERSION = YES;
				CLANG_WARN_OBJC_IMPLICIT_RETAIN_SELF = YES;
				CLANG_WARN_OBJC_LITERAL_CONVERSION = YES;
				CLANG_WARN_OBJC_ROOT_CLASS = YES_ERROR;
				CLANG_WARN_QUOTED_INCLUDE_IN_FRAMEWORK_HEADER = YES;
				CLANG_WARN_RANGE_LOOP_ANALYSIS = YES;
				CLANG_WARN_STRICT_PROTOTYPES = YES;
				CLANG_WARN_SUSPICIOUS_MOVE = YES;
				CLANG_WARN_UNGUARDED_AVAILABILITY = YES_AGGRESSIVE;
				CLANG_WARN_UNREACHABLE_CODE = YES;
				CLANG_WARN__DUPLICATE_METHOD_MATCH = YES;
				COPY_PHASE_STRIP = NO;
				DEBUG_INFORMATION_FORMAT = "dwarf-with-dsym";
				ENABLE_NS_ASSERTIONS = NO;
				ENABLE_STRICT_OBJC_MSGSEND = YES;
				ENABLE_USER_SCRIPT_SANDBOXING = YES;
				GCC_C_LANGUAGE_STANDARD = gnu17;
				GCC_NO_COMMON_BLOCKS = YES;
				GCC_WARN_64_TO_32_BIT_CONVERSION = YES;
				GCC_WARN_ABOUT_RETURN_TYPE = YES_ERROR;
				GCC_WARN_UNDECLARED_SELECTOR = YES;
				GCC_WARN_UNINITIALIZED_AUTOS = YES_AGGRESSIVE;
				GCC_WARN_UNUSED_FUNCTION = YES;
				GCC_WARN_UNUSED_VARIABLE = YES;
				IPHONEOS_DEPLOYMENT_TARGET = 14.0;
				LOCALIZATION_PREFERS_STRING_CATALOGS = YES;
				MTL_ENABLE_DEBUG_INFO = NO;
				MTL_FAST_MATH = YES;
				SDKROOT = iphoneos;
				SWIFT_COMPILATION_MODE = wholemodule;
				VALIDATE_PRODUCT = YES;
			};
			name = Release;
		};
		3739D3922B7CB737005295F0 /* Debug */ = {
			isa = XCBuildConfiguration;
			baseConfigurationReference = 2E9D1B5CC9F38DF289C8B9A1 /* Pods-MovieDBExample.debug.xcconfig */;
			buildSettings = {
				ASSETCATALOG_COMPILER_APPICON_NAME = AppIcon;
				ASSETCATALOG_COMPILER_GLOBAL_ACCENT_COLOR_NAME = AccentColor;
				CODE_SIGN_STYLE = Automatic;
				CURRENT_PROJECT_VERSION = 1;
				DEVELOPMENT_TEAM = 867FJL8A27;
				ENABLE_USER_SCRIPT_SANDBOXING = NO;
				GENERATE_INFOPLIST_FILE = YES;
				INFOPLIST_FILE = MovieDBExample/Info.plist;
				INFOPLIST_KEY_CFBundleDisplayName = "Movie DB Example";
				INFOPLIST_KEY_UIApplicationSupportsIndirectInputEvents = YES;
				INFOPLIST_KEY_UILaunchStoryboardName = LaunchScreen;
				INFOPLIST_KEY_UIMainStoryboardFile = Main;
				INFOPLIST_KEY_UISupportedInterfaceOrientations_iPad = "UIInterfaceOrientationPortrait UIInterfaceOrientationPortraitUpsideDown UIInterfaceOrientationLandscapeLeft UIInterfaceOrientationLandscapeRight";
				INFOPLIST_KEY_UISupportedInterfaceOrientations_iPhone = "UIInterfaceOrientationPortrait UIInterfaceOrientationLandscapeLeft UIInterfaceOrientationLandscapeRight";
				IPHONEOS_DEPLOYMENT_TARGET = 14.0;
				LD_RUNPATH_SEARCH_PATHS = (
					"$(inherited)",
					"@executable_path/Frameworks",
				);
				MARKETING_VERSION = 1.0;
				PRODUCT_BUNDLE_IDENTIFIER = com.suleman.MovieDBExample;
				PRODUCT_NAME = "$(TARGET_NAME)";
				SWIFT_EMIT_LOC_STRINGS = YES;
				SWIFT_VERSION = 5.0;
				TARGETED_DEVICE_FAMILY = "1,2";
			};
			name = Debug;
		};
		3739D3932B7CB737005295F0 /* Release */ = {
			isa = XCBuildConfiguration;
			baseConfigurationReference = C0798B33FCE1626FF8A25E98 /* Pods-MovieDBExample.release.xcconfig */;
			buildSettings = {
				ASSETCATALOG_COMPILER_APPICON_NAME = AppIcon;
				ASSETCATALOG_COMPILER_GLOBAL_ACCENT_COLOR_NAME = AccentColor;
				CODE_SIGN_STYLE = Automatic;
				CURRENT_PROJECT_VERSION = 1;
				DEVELOPMENT_TEAM = 867FJL8A27;
				ENABLE_USER_SCRIPT_SANDBOXING = NO;
				GENERATE_INFOPLIST_FILE = YES;
				INFOPLIST_FILE = MovieDBExample/Info.plist;
				INFOPLIST_KEY_CFBundleDisplayName = "Movie DB Example";
				INFOPLIST_KEY_UIApplicationSupportsIndirectInputEvents = YES;
				INFOPLIST_KEY_UILaunchStoryboardName = LaunchScreen;
				INFOPLIST_KEY_UIMainStoryboardFile = Main;
				INFOPLIST_KEY_UISupportedInterfaceOrientations_iPad = "UIInterfaceOrientationPortrait UIInterfaceOrientationPortraitUpsideDown UIInterfaceOrientationLandscapeLeft UIInterfaceOrientationLandscapeRight";
				INFOPLIST_KEY_UISupportedInterfaceOrientations_iPhone = "UIInterfaceOrientationPortrait UIInterfaceOrientationLandscapeLeft UIInterfaceOrientationLandscapeRight";
				IPHONEOS_DEPLOYMENT_TARGET = 14.0;
				LD_RUNPATH_SEARCH_PATHS = (
					"$(inherited)",
					"@executable_path/Frameworks",
				);
				MARKETING_VERSION = 1.0;
				PRODUCT_BUNDLE_IDENTIFIER = com.suleman.MovieDBExample;
				PRODUCT_NAME = "$(TARGET_NAME)";
				SWIFT_EMIT_LOC_STRINGS = YES;
				SWIFT_VERSION = 5.0;
				TARGETED_DEVICE_FAMILY = "1,2";
			};
			name = Release;
		};
/* End XCBuildConfiguration section */

/* Begin XCConfigurationList section */
		3739D3782B7CB736005295F0 /* Build configuration list for PBXProject "MovieDBExample" */ = {
			isa = XCConfigurationList;
			buildConfigurations = (
				3739D38F2B7CB737005295F0 /* Debug */,
				3739D3902B7CB737005295F0 /* Release */,
			);
			defaultConfigurationIsVisible = 0;
			defaultConfigurationName = Release;
		};
		3739D3912B7CB737005295F0 /* Build configuration list for PBXNativeTarget "MovieDBExample" */ = {
			isa = XCConfigurationList;
			buildConfigurations = (
				3739D3922B7CB737005295F0 /* Debug */,
				3739D3932B7CB737005295F0 /* Release */,
			);
			defaultConfigurationIsVisible = 0;
			defaultConfigurationName = Release;
		};
/* End XCConfigurationList section */
	};
	rootObject = 3739D3752B7CB736005295F0 /* Project object */;
}
